<?xml version="1.0" encoding="utf-8"?>
<Project ToolsVersion="4.0" xmlns="http://schemas.microsoft.com/developer/msbuild/2003">
  <ItemGroup>
    <Filter Include="Source Files">
      <UniqueIdentifier>{4FC737F1-C7A5-4376-A066-2A32D752A2FF}</UniqueIdentifier>
      <Extensions>cpp;c;cc;cxx;def;odl;idl;hpj;bat;asm;asmx</Extensions>
    </Filter>
    <Filter Include="Header Files">
      <UniqueIdentifier>{93995380-89BD-4b04-88EB-625FBE52EBFB}</UniqueIdentifier>
      <Extensions>h;hh;hpp;hxx;hm;inl;inc;xsd</Extensions>
    </Filter>
    <Filter Include="Resource Files">
      <UniqueIdentifier>{67DA6AB6-F800-4c08-8B7A-83BB121AAD01}</UniqueIdentifier>
      <Extensions>rc;ico;cur;bmp;dlg;rc2;rct;bin;rgs;gif;jpg;jpeg;jpe;resx;tiff;tif;png;wav;mfcribbon-ms</Extensions>
    </Filter>
    <Filter Include="Header Files\phrase extraction">
      <UniqueIdentifier>{5aad19ef-7f43-4d8a-ba89-8fb26bf9a1ab}</UniqueIdentifier>
    </Filter>
    <Filter Include="Header Files\util">
      <UniqueIdentifier>{fbac08ee-14ed-4480-9925-f9eede9f250b}</UniqueIdentifier>
    </Filter>
    <Filter Include="Source Files\util">
      <UniqueIdentifier>{f1c37060-6b4f-42e7-986e-64a943505c8f}</UniqueIdentifier>
    </Filter>
    <Filter Include="Source Files\phrase extraction">
      <UniqueIdentifier>{79fde8e3-013f-4524-9eb0-00985979b496}</UniqueIdentifier>
    </Filter>
    <Filter Include="Header Files\lexical reordering">
      <UniqueIdentifier>{e81f0ee8-5c89-4ccc-b536-2b92dcda8f7a}</UniqueIdentifier>
    </Filter>
    <Filter Include="Source Files\lexical reordering">
      <UniqueIdentifier>{37fe5a7e-3b28-4ed7-915e-1759d71c50ef}</UniqueIdentifier>
    </Filter>
    <Filter Include="Header Files\decoder">
      <UniqueIdentifier>{eae57a9e-c5d4-4e61-8a44-6c7a447af5f9}</UniqueIdentifier>
    </Filter>
    <Filter Include="Source Files\decoder">
      <UniqueIdentifier>{b6dfa75b-3703-4496-9745-0ab06125a483}</UniqueIdentifier>
    </Filter>
    <Filter Include="Header Files\lm">
      <UniqueIdentifier>{301ce30c-f157-4c42-8e58-ba04bca2fef3}</UniqueIdentifier>
    </Filter>
    <Filter Include="Source Files\lm">
      <UniqueIdentifier>{872d270e-d78b-44a2-a0c2-a9c2e1d038e2}</UniqueIdentifier>
    </Filter>
  </ItemGroup>
  <ItemGroup>
    <ClInclude Include="phrase extraction\Phrase.h">
      <Filter>Header Files\phrase extraction</Filter>
    </ClInclude>
    <ClInclude Include="phrase extraction\PhraseExtractionPipeline.h">
      <Filter>Header Files\phrase extraction</Filter>
    </ClInclude>
    <ClInclude Include="phrase extraction\PhraseExtractor.h">
      <Filter>Header Files\phrase extraction</Filter>
    </ClInclude>
    <ClInclude Include="phrase extraction\WordAlignment.h">
      <Filter>Header Files\phrase extraction</Filter>
    </ClInclude>
    <ClInclude Include="phrase extraction\LexicalTranslation.h">
      <Filter>Header Files\phrase extraction</Filter>
    </ClInclude>
    <ClInclude Include="phrase extraction\LexicalTransPipeline.h">
      <Filter>Header Files\phrase extraction</Filter>
    </ClInclude>
    <ClInclude Include="phrase extraction\PhraseTransTblBuilder.h">
      <Filter>Header Files\phrase extraction</Filter>
    </ClInclude>
    <ClInclude Include="phrase extraction\PhraseTblFilter.h">
      <Filter>Header Files\phrase extraction</Filter>
    </ClInclude>
    <ClInclude Include="lexical reordering\msd.h">
      <Filter>Header Files\lexical reordering</Filter>
    </ClInclude>
    <ClInclude Include="util\Utility.h">
      <Filter>Header Files\util</Filter>
    </ClInclude>
    <ClInclude Include="decoder\Hypothesis.h">
      <Filter>Header Files\decoder</Filter>
    </ClInclude>
    <ClInclude Include="decoder\HypothesisStack.h">
      <Filter>Header Files\decoder</Filter>
    </ClInclude>
    <ClInclude Include="decoder\StackDecoder.h">
      <Filter>Header Files\decoder</Filter>
    </ClInclude>
    <ClInclude Include="decoder\trie.h">
      <Filter>Header Files\decoder</Filter>
    </ClInclude>
    <ClInclude Include="decoder\PhraseTable.h">
      <Filter>Header Files\decoder</Filter>
    </ClInclude>
    <ClInclude Include="lm\AbsoluteDiscounting.h">
      <Filter>Header Files\lm</Filter>
    </ClInclude>
    <ClInclude Include="lm\GlobalFun.h">
      <Filter>Header Files\lm</Filter>
    </ClInclude>
    <ClInclude Include="lm\KnerserNeyBackOff.h">
      <Filter>Header Files\lm</Filter>
    </ClInclude>
    <ClInclude Include="lm\WordMap.h">
      <Filter>Header Files\lm</Filter>
    </ClInclude>
  </ItemGroup>
  <ItemGroup>
    <ClCompile Include="phrase extraction\Phrase.cpp">
      <Filter>Source Files\phrase extraction</Filter>
    </ClCompile>
    <ClCompile Include="phrase extraction\PhraseExtractionPipeline.cpp">
      <Filter>Source Files\phrase extraction</Filter>
    </ClCompile>
    <ClCompile Include="phrase extraction\PhraseExtractor.cpp">
      <Filter>Source Files\phrase extraction</Filter>
    </ClCompile>
    <ClCompile Include="phrase extraction\WordAlignment.cpp">
      <Filter>Source Files\phrase extraction</Filter>
    </ClCompile>
    <ClCompile Include="main.cpp">
      <Filter>Source Files</Filter>
    </ClCompile>
    <ClCompile Include="phrase extraction\LexicalTranslation.cpp">
      <Filter>Source Files\phrase extraction</Filter>
    </ClCompile>
    <ClCompile Include="phrase extraction\LexicalTransPipeline.cpp">
      <Filter>Source Files\phrase extraction</Filter>
    </ClCompile>
    <ClCompile Include="phrase extraction\PhraseTransTblBuilder.cpp">
      <Filter>Source Files\phrase extraction</Filter>
    </ClCompile>
    <ClCompile Include="phrase extraction\PhraseTblFilter.cpp">
      <Filter>Source Files\phrase extraction</Filter>
    </ClCompile>
    <ClCompile Include="lexical reordering\msd.cpp">
      <Filter>Source Files\lexical reordering</Filter>
    </ClCompile>
    <ClCompile Include="util\Utility.cpp">
      <Filter>Source Files\util</Filter>
    </ClCompile>
    <ClCompile Include="decoder\Hypothesis.cpp">
      <Filter>Source Files\decoder</Filter>
    </ClCompile>
    <ClCompile Include="decoder\HypothesisStack.cpp">
      <Filter>Source Files\decoder</Filter>
    </ClCompile>
    <ClCompile Include="decoder\StackDecoder.cpp">
      <Filter>Source Files\decoder</Filter>
    </ClCompile>
    <ClCompile Include="decoder\trie.cpp">
      <Filter>Source Files\decoder</Filter>
    </ClCompile>
    <ClCompile Include="decoder\PhraseTable.cpp">
      <Filter>Source Files\decoder</Filter>
    </ClCompile>
    <ClCompile Include="lm\AbsoluteDiscounting.cpp">
      <Filter>Source Files\lm</Filter>
    </ClCompile>
    <ClCompile Include="lm\GlobalFun.cpp">
      <Filter>Source Files\lm</Filter>
    </ClCompile>
    <ClCompile Include="lm\KnerserNeyBackOff.cpp">
      <Filter>Source Files\lm</Filter>
    </ClCompile>
    <ClCompile Include="lm\WordMap.cpp">
      <Filter>Source Files\lm</Filter>
    </ClCompile>
  </ItemGroup>
</Project>